
Microsoft Visual Studio Solution File, Format Version 12.00
# Visual Studio Version 17
VisualStudioVersion = 17.1.32319.34
MinimumVisualStudioVersion = 10.0.40219.1
Project("{FAE04EC0-301F-11D3-BF4B-00C04F79EFBC}") = "AppFrete", "AppFrete\AppFrete.csproj", "{9E82B9C8-8D97-4528-B652-83DBCF86AA67}"
EndProject
Project("{FAE04EC0-301F-11D3-BF4B-00C04F79EFBC}") = "TestProject1", "TestProject1\TestProject1.csproj", "{C8FDD847-2D72-49E0-8FBE-0AE1EF69130F}"
EndProject
Global
	GlobalSection(SolutionConfigurationPlatforms) = preSolution
		Debug|Any CPU = Debug|Any CPU
		Release|Any CPU = Release|Any CPU
	EndGlobalSection
	GlobalSection(ProjectConfigurationPlatforms) = postSolution
		{9E82B9C8-8D97-4528-B652-83DBCF86AA67}.Debug|Any CPU.ActiveCfg = Debug|Any CPU
		{9E82B9C8-8D97-4528-B652-83DBCF86AA67}.Debug|Any CPU.Build.0 = Debug|Any CPU
		{9E82B9C8-8D97-4528-B652-83DBCF86AA67}.Release|Any CPU.ActiveCfg = Release|Any CPU
		{9E82B9C8-8D97-4528-B652-83DBCF86AA67}.Release|Any CPU.Build.0 = Release|Any CPU
		{C8FDD847-2D72-49E0-8FBE-0AE1EF69130F}.Debug|Any CPU.ActiveCfg = Debug|Any CPU
		{C8FDD847-2D72-49E0-8FBE-0AE1EF69130F}.Debug|Any CPU.Build.0 = Debug|Any CPU
		{C8FDD847-2D72-49E0-8FBE-0AE1EF69130F}.Release|Any CPU.ActiveCfg = Release|Any CPU
		{C8FDD847-2D72-49E0-8FBE-0AE1EF69130F}.Release|Any CPU.Build.0 = Release|Any CPU
	EndGlobalSection
	GlobalSection(SolutionProperties) = preSolution
		HideSolutionNode = FALSE
	EndGlobalSection
	GlobalSection(ExtensibilityGlobals) = postSolution
		SolutionGuid = {2314CB6A-CEA1-435F-B33B-17E0000538D5}
	EndGlobalSection
EndGlobal
